
Microsoft Visual Studio Solution File, Format Version 12.00
# Visual Studio Version 16
VisualStudioVersion = 16.0.31025.194
MinimumVisualStudioVersion = 10.0.40219.1
Project("{9A19103F-16F7-4668-BE54-9A1E7A4F7556}") = "YieldCurveBuilder", "YieldCurveBuilder.csproj", "{96F3BD4E-0E8A-47E4-8DFA-62D0F7B07826}"
EndProject
Project("{9A19103F-16F7-4668-BE54-9A1E7A4F7556}") = "MarketDataHelper", "..\MarketDataHelper\MarketDataHelper.csproj", "{E5320FA8-D0C9-41B8-8F26-D677BB816BC5}"
EndProject
Project("{9A19103F-16F7-4668-BE54-9A1E7A4F7556}") = "BusinessDayAdjustment", "..\BusinessDayAdjustment\BusinessDayAdjustment.csproj", "{A25EE844-4AFA-4E90-881B-1AC7C4F495A5}"
EndProject
Project("{9A19103F-16F7-4668-BE54-9A1E7A4F7556}") = "DayCountFraction", "..\DayCountFraction\DayCountFraction.csproj", "{DB7B241B-9E20-4D69-9908-62FE22124FE6}"
EndProject
Project("{9A19103F-16F7-4668-BE54-9A1E7A4F7556}") = "MarketProduct", "..\MarketProduct\MarketProduct.csproj", "{B2311148-5D1F-44FC-93C1-2AF2CE391D68}"
EndProject
Project("{9A19103F-16F7-4668-BE54-9A1E7A4F7556}") = "DFCurveBuilder", "..\DFCurveBuilder\DFCurveBuilder.csproj", "{4B9233D5-94BC-4CE5-9F09-26D8177586F1}"
EndProject
Project("{9A19103F-16F7-4668-BE54-9A1E7A4F7556}") = "EquationSolver", "..\EquationSolver\EquationSolver.csproj", "{D2BEEDDB-3383-42F3-946A-59E237DFF179}"
EndProject
Project("{9A19103F-16F7-4668-BE54-9A1E7A4F7556}") = "Interpolator", "..\Interpolator\Interpolator.csproj", "{4D83C809-65F6-4DEF-AFD5-D32EF55E8ADC}"
EndProject
Project("{FAE04EC0-301F-11D3-BF4B-00C04F79EFBC}") = "CsvHelper", "..\CsvHelper\CsvHelper.csproj", "{70D12B02-97E2-4BD6-840D-328F458FBF71}"
EndProject
Project("{FAE04EC0-301F-11D3-BF4B-00C04F79EFBC}") = "Exec", "..\Exec\Exec.csproj", "{4D679B19-7A53-48C0-B0C6-D037201AF363}"
EndProject
Project("{FAE04EC0-301F-11D3-BF4B-00C04F79EFBC}") = "YieldCurveBuilderApp", "..\YieldCurveBuilderApp\YieldCurveBuilderApp.csproj", "{F7E1A1CD-D0D7-4120-8404-F79802C1EDB8}"
EndProject
Global
	GlobalSection(SolutionConfigurationPlatforms) = preSolution
		Debug|Any CPU = Debug|Any CPU
		Release|Any CPU = Release|Any CPU
	EndGlobalSection
	GlobalSection(ProjectConfigurationPlatforms) = postSolution
		{96F3BD4E-0E8A-47E4-8DFA-62D0F7B07826}.Debug|Any CPU.ActiveCfg = Debug|Any CPU
		{96F3BD4E-0E8A-47E4-8DFA-62D0F7B07826}.Debug|Any CPU.Build.0 = Debug|Any CPU
		{96F3BD4E-0E8A-47E4-8DFA-62D0F7B07826}.Release|Any CPU.ActiveCfg = Release|Any CPU
		{96F3BD4E-0E8A-47E4-8DFA-62D0F7B07826}.Release|Any CPU.Build.0 = Release|Any CPU
		{E5320FA8-D0C9-41B8-8F26-D677BB816BC5}.Debug|Any CPU.ActiveCfg = Debug|Any CPU
		{E5320FA8-D0C9-41B8-8F26-D677BB816BC5}.Debug|Any CPU.Build.0 = Debug|Any CPU
		{E5320FA8-D0C9-41B8-8F26-D677BB816BC5}.Release|Any CPU.ActiveCfg = Release|Any CPU
		{E5320FA8-D0C9-41B8-8F26-D677BB816BC5}.Release|Any CPU.Build.0 = Release|Any CPU
		{A25EE844-4AFA-4E90-881B-1AC7C4F495A5}.Debug|Any CPU.ActiveCfg = Debug|Any CPU
		{A25EE844-4AFA-4E90-881B-1AC7C4F495A5}.Debug|Any CPU.Build.0 = Debug|Any CPU
		{A25EE844-4AFA-4E90-881B-1AC7C4F495A5}.Release|Any CPU.ActiveCfg = Release|Any CPU
		{A25EE844-4AFA-4E90-881B-1AC7C4F495A5}.Release|Any CPU.Build.0 = Release|Any CPU
		{DB7B241B-9E20-4D69-9908-62FE22124FE6}.Debug|Any CPU.ActiveCfg = Debug|Any CPU
		{DB7B241B-9E20-4D69-9908-62FE22124FE6}.Debug|Any CPU.Build.0 = Debug|Any CPU
		{DB7B241B-9E20-4D69-9908-62FE22124FE6}.Release|Any CPU.ActiveCfg = Release|Any CPU
		{DB7B241B-9E20-4D69-9908-62FE22124FE6}.Release|Any CPU.Build.0 = Release|Any CPU
		{B2311148-5D1F-44FC-93C1-2AF2CE391D68}.Debug|Any CPU.ActiveCfg = Debug|Any CPU
		{B2311148-5D1F-44FC-93C1-2AF2CE391D68}.Debug|Any CPU.Build.0 = Debug|Any CPU
		{B2311148-5D1F-44FC-93C1-2AF2CE391D68}.Release|Any CPU.ActiveCfg = Release|Any CPU
		{B2311148-5D1F-44FC-93C1-2AF2CE391D68}.Release|Any CPU.Build.0 = Release|Any CPU
		{4B9233D5-94BC-4CE5-9F09-26D8177586F1}.Debug|Any CPU.ActiveCfg = Debug|Any CPU
		{4B9233D5-94BC-4CE5-9F09-26D8177586F1}.Debug|Any CPU.Build.0 = Debug|Any CPU
		{4B9233D5-94BC-4CE5-9F09-26D8177586F1}.Release|Any CPU.ActiveCfg = Release|Any CPU
		{4B9233D5-94BC-4CE5-9F09-26D8177586F1}.Release|Any CPU.Build.0 = Release|Any CPU
		{D2BEEDDB-3383-42F3-946A-59E237DFF179}.Debug|Any CPU.ActiveCfg = Debug|Any CPU
		{D2BEEDDB-3383-42F3-946A-59E237DFF179}.Debug|Any CPU.Build.0 = Debug|Any CPU
		{D2BEEDDB-3383-42F3-946A-59E237DFF179}.Release|Any CPU.ActiveCfg = Release|Any CPU
		{D2BEEDDB-3383-42F3-946A-59E237DFF179}.Release|Any CPU.Build.0 = Release|Any CPU
		{4D83C809-65F6-4DEF-AFD5-D32EF55E8ADC}.Debug|Any CPU.ActiveCfg = Debug|Any CPU
		{4D83C809-65F6-4DEF-AFD5-D32EF55E8ADC}.Debug|Any CPU.Build.0 = Debug|Any CPU
		{4D83C809-65F6-4DEF-AFD5-D32EF55E8ADC}.Release|Any CPU.ActiveCfg = Release|Any CPU
		{4D83C809-65F6-4DEF-AFD5-D32EF55E8ADC}.Release|Any CPU.Build.0 = Release|Any CPU
		{70D12B02-97E2-4BD6-840D-328F458FBF71}.Debug|Any CPU.ActiveCfg = Debug|Any CPU
		{70D12B02-97E2-4BD6-840D-328F458FBF71}.Debug|Any CPU.Build.0 = Debug|Any CPU
		{70D12B02-97E2-4BD6-840D-328F458FBF71}.Release|Any CPU.ActiveCfg = Release|Any CPU
		{70D12B02-97E2-4BD6-840D-328F458FBF71}.Release|Any CPU.Build.0 = Release|Any CPU
		{4D679B19-7A53-48C0-B0C6-D037201AF363}.Debug|Any CPU.ActiveCfg = Debug|Any CPU
		{4D679B19-7A53-48C0-B0C6-D037201AF363}.Debug|Any CPU.Build.0 = Debug|Any CPU
		{4D679B19-7A53-48C0-B0C6-D037201AF363}.Release|Any CPU.ActiveCfg = Release|Any CPU
		{4D679B19-7A53-48C0-B0C6-D037201AF363}.Release|Any CPU.Build.0 = Release|Any CPU
		{F7E1A1CD-D0D7-4120-8404-F79802C1EDB8}.Debug|Any CPU.ActiveCfg = Debug|Any CPU
		{F7E1A1CD-D0D7-4120-8404-F79802C1EDB8}.Debug|Any CPU.Build.0 = Debug|Any CPU
		{F7E1A1CD-D0D7-4120-8404-F79802C1EDB8}.Release|Any CPU.ActiveCfg = Release|Any CPU
		{F7E1A1CD-D0D7-4120-8404-F79802C1EDB8}.Release|Any CPU.Build.0 = Release|Any CPU
	EndGlobalSection
	GlobalSection(SolutionProperties) = preSolution
		HideSolutionNode = FALSE
	EndGlobalSection
	GlobalSection(ExtensibilityGlobals) = postSolution
		SolutionGuid = {58008117-C459-4FC9-9996-C4B844A8BBF1}
	EndGlobalSection
EndGlobal
